{
  "object": {
    "pins": [
      {
        "package": "ReactiveKit",
        "repositoryURL": "https://github.com/DeclarativeHub/ReactiveKit.git",
        "state": {
          "branch": null,
          "revision": "657faa987330879852b4117937b632b108a11400",
          "version": "3.17.3"
        }
      }
    ]
  },
  "version": 1
}
