// !$*UTF8*$!
{
	archiveVersion = 1;
	classes = {
	};
	objectVersion = 50;
	objects = {

/* Begin PBXBuildFile section */
		EC10027B23786A4C00AD8BF2 /* EnvironmentValues.swift in Sources */ = {isa = PBXBuildFile; fileRef = EC10027A23786A4C00AD8BF2 /* EnvironmentValues.swift */; };
		EC10027D23786B1900AD8BF2 /* Shape.swift in Sources */ = {isa = PBXBuildFile; fileRef = EC10027C23786B1900AD8BF2 /* Shape.swift */; };
		EC1CAAC823A6A6DC0073C826 /* Edge.swift in Sources */ = {isa = PBXBuildFile; fileRef = EC1CAAC723A6A6DC0073C826 /* Edge.swift */; };
		EC2441B5238DD16100135660 /* DynamicProperty.swift in Sources */ = {isa = PBXBuildFile; fileRef = EC2441B4238DD16100135660 /* DynamicProperty.swift */; };
		EC2441B7238DD17100135660 /* Binding.swift in Sources */ = {isa = PBXBuildFile; fileRef = EC2441B6238DD17100135660 /* Binding.swift */; };
		EC2441B9238DD1B900135660 /* Animation.swift in Sources */ = {isa = PBXBuildFile; fileRef = EC2441B8238DD1B900135660 /* Animation.swift */; };
		EC2441BB238DD29300135660 /* State.swift in Sources */ = {isa = PBXBuildFile; fileRef = EC2441BA238DD29300135660 /* State.swift */; };
		EC2441BD238DD49E00135660 /* EnvironmentObject.swift in Sources */ = {isa = PBXBuildFile; fileRef = EC2441BC238DD49E00135660 /* EnvironmentObject.swift */; };
		EC25395B248C134D00540102 /* ScrollView.swift in Sources */ = {isa = PBXBuildFile; fileRef = EC25395A248C134D00540102 /* ScrollView.swift */; };
		EC253966248CF81200540102 /* LayoutPass.swift in Sources */ = {isa = PBXBuildFile; fileRef = EC253965248CF81200540102 /* LayoutPass.swift */; };
		EC253969248CFBD300540102 /* GeometryCache.swift in Sources */ = {isa = PBXBuildFile; fileRef = EC253967248CFB8E00540102 /* GeometryCache.swift */; };
		EC30A37C2370D5FC00D40848 /* Never.swift in Sources */ = {isa = PBXBuildFile; fileRef = EC30A37B2370D5FC00D40848 /* Never.swift */; };
		EC38159123A5291E00F643A5 /* Renderer.swift in Sources */ = {isa = PBXBuildFile; fileRef = EC38159023A5291E00F643A5 /* Renderer.swift */; };
		EC533AC92378453F007EA560 /* CoordinateSpace.swift in Sources */ = {isa = PBXBuildFile; fileRef = EC533AC82378453F007EA560 /* CoordinateSpace.swift */; };
		EC533ACB237845B2007EA560 /* GeometryProxy.swift in Sources */ = {isa = PBXBuildFile; fileRef = EC533ACA237845B2007EA560 /* GeometryProxy.swift */; };
		EC533ACF2378469F007EA560 /* GeometryReader.swift in Sources */ = {isa = PBXBuildFile; fileRef = EC533ACE2378469F007EA560 /* GeometryReader.swift */; };
		EC5C60012408662800A7C0A5 /* ViewModifier.swift in Sources */ = {isa = PBXBuildFile; fileRef = ECC7DFCE23783551007B0AF5 /* ViewModifier.swift */; };
		EC5C60022408662800A7C0A5 /* ViewModifiers.swift in Sources */ = {isa = PBXBuildFile; fileRef = EC907C2323F819A400FF48E7 /* ViewModifiers.swift */; };
		EC5C60032408662800A7C0A5 /* ViewModifiers.Padding.swift in Sources */ = {isa = PBXBuildFile; fileRef = EC90E6D22377504300A9B7E0 /* ViewModifiers.Padding.swift */; };
		EC5C60042408662800A7C0A5 /* ViewModifiers.Frame.swift in Sources */ = {isa = PBXBuildFile; fileRef = EC693D1223783F9E00C78CAB /* ViewModifiers.Frame.swift */; };
		EC5C60052408662800A7C0A5 /* ViewModifiers.FlexFrame.swift in Sources */ = {isa = PBXBuildFile; fileRef = ECEBB5C12381B17A006230B7 /* ViewModifiers.FlexFrame.swift */; };
		EC5C60062408662800A7C0A5 /* ViewModifiers.LayoutPriority.swift in Sources */ = {isa = PBXBuildFile; fileRef = EC533AD823785517007EA560 /* ViewModifiers.LayoutPriority.swift */; };
		EC5C60072408662800A7C0A5 /* ViewModifiers.ClipShape.swift in Sources */ = {isa = PBXBuildFile; fileRef = EC92E79623786C8E0032AADB /* ViewModifiers.ClipShape.swift */; };
		EC5C60082408662800A7C0A5 /* ViewModifiers.Overlay.swift in Sources */ = {isa = PBXBuildFile; fileRef = ECE406BA2389F94400F7B020 /* ViewModifiers.Overlay.swift */; };
		EC5C60092408662800A7C0A5 /* ViewModifiers.Background.swift in Sources */ = {isa = PBXBuildFile; fileRef = ECE406BE2389FC5E00F7B020 /* ViewModifiers.Background.swift */; };
		EC5C600A2408662800A7C0A5 /* ViewModifiers.FixedSize.swift in Sources */ = {isa = PBXBuildFile; fileRef = ECE461362379FC9600A21198 /* ViewModifiers.FixedSize.swift */; };
		EC5C600B2408662800A7C0A5 /* ViewModifiers.Offset.swift in Sources */ = {isa = PBXBuildFile; fileRef = ECE406B62389F60000F7B020 /* ViewModifiers.Offset.swift */; };
		EC5C600C2408662800A7C0A5 /* ViewModifiers.Shadow.swift in Sources */ = {isa = PBXBuildFile; fileRef = ECE406CA238A86DC00F7B020 /* ViewModifiers.Shadow.swift */; };
		EC5C600D2408662800A7C0A5 /* ViewModifiers.EnvironmentObject.swift in Sources */ = {isa = PBXBuildFile; fileRef = EC2441BE238DD67C00135660 /* ViewModifiers.EnvironmentObject.swift */; };
		EC5C600E2408662800A7C0A5 /* ViewModifiers.Gesture.swift in Sources */ = {isa = PBXBuildFile; fileRef = EC7469E9239C35F1009A4102 /* ViewModifiers.Gesture.swift */; };
		EC5C600F2408662800A7C0A5 /* ViewModifiers.EdgesIgnoringSafeArea.swift in Sources */ = {isa = PBXBuildFile; fileRef = EC1CAAC923A6A93D0073C826 /* ViewModifiers.EdgesIgnoringSafeArea.swift */; };
		EC6F1372239BD721002FE2E4 /* ReactiveKit.framework in Frameworks */ = {isa = PBXBuildFile; fileRef = EC6F1371239BD721002FE2E4 /* ReactiveKit.framework */; };
		EC6F1374239BD770002FE2E4 /* ObservedObject.swift in Sources */ = {isa = PBXBuildFile; fileRef = EC6F1373239BD770002FE2E4 /* ObservedObject.swift */; };
		EC7469E1239C3423009A4102 /* Gesture.swift in Sources */ = {isa = PBXBuildFile; fileRef = EC7469E0239C3423009A4102 /* Gesture.swift */; };
		EC7469E4239C3458009A4102 /* TapGesture.swift in Sources */ = {isa = PBXBuildFile; fileRef = EC7469E3239C3458009A4102 /* TapGesture.swift */; };
		EC7469E6239C3469009A4102 /* LongPressGesture.swift in Sources */ = {isa = PBXBuildFile; fileRef = EC7469E5239C3469009A4102 /* LongPressGesture.swift */; };
		EC7469E8239C3541009A4102 /* EndedGesture.swift in Sources */ = {isa = PBXBuildFile; fileRef = EC7469E7239C3541009A4102 /* EndedGesture.swift */; };
		EC7776192484ED1D00778788 /* CGSize.swift in Sources */ = {isa = PBXBuildFile; fileRef = EC7776182484ED1D00778788 /* CGSize.swift */; };
		EC77761B2484ED9200778788 /* CGPoint.swift in Sources */ = {isa = PBXBuildFile; fileRef = EC77761A2484ED9200778788 /* CGPoint.swift */; };
		EC77761D2484EE9200778788 /* CGFloat.swift in Sources */ = {isa = PBXBuildFile; fileRef = EC77761C2484EE9200778788 /* CGFloat.swift */; };
		EC77761F2484EFAA00778788 /* CGRect.swift in Sources */ = {isa = PBXBuildFile; fileRef = EC77761E2484EFAA00778788 /* CGRect.swift */; };
		EC7776222484F85900778788 /* Path.swift in Sources */ = {isa = PBXBuildFile; fileRef = EC7776202484F2D700778788 /* Path.swift */; };
		EC7776242484F92200778788 /* CGAffineTransform.swift in Sources */ = {isa = PBXBuildFile; fileRef = EC7776232484F92200778788 /* CGAffineTransform.swift */; };
		EC77FD0423E8B44D00EE3D1C /* Slider.swift in Sources */ = {isa = PBXBuildFile; fileRef = EC77FD0323E8B44D00EE3D1C /* Slider.swift */; };
		EC7A0F5B239D41A6008E7AF4 /* Mockingbird.framework in Frameworks */ = {isa = PBXBuildFile; fileRef = EC9F94B62370BE6E00E418F9 /* Mockingbird.framework */; };
		EC907C1723F80A8000FF48E7 /* ContentGeometry.swift in Sources */ = {isa = PBXBuildFile; fileRef = EC907C1623F80A8000FF48E7 /* ContentGeometry.swift */; };
		EC907C2823F81A7100FF48E7 /* LayoutAlgorithm.swift in Sources */ = {isa = PBXBuildFile; fileRef = EC907C2523F819C200FF48E7 /* LayoutAlgorithm.swift */; };
		EC907C2923F81A7100FF48E7 /* LayoutNode.swift in Sources */ = {isa = PBXBuildFile; fileRef = ECE0DC272380759800105B93 /* LayoutNode.swift */; };
		EC907C2A23F81A7100FF48E7 /* LayoutAlgorithms.Frame.swift in Sources */ = {isa = PBXBuildFile; fileRef = EC907C1D23F80F6C00FF48E7 /* LayoutAlgorithms.Frame.swift */; };
		EC907C2B23F81A7100FF48E7 /* LayoutAlgorithms.FlexFrame.swift in Sources */ = {isa = PBXBuildFile; fileRef = EC907C1F23F8127500FF48E7 /* LayoutAlgorithms.FlexFrame.swift */; };
		EC907C2C23F81A7100FF48E7 /* LayoutAlgorithms.Padding.swift in Sources */ = {isa = PBXBuildFile; fileRef = EC907C2123F8152300FF48E7 /* LayoutAlgorithms.Padding.swift */; };
		EC907C2D23F81A7100FF48E7 /* LayoutAlgorithms.ZStack.swift in Sources */ = {isa = PBXBuildFile; fileRef = EC907C1B23F80DCB00FF48E7 /* LayoutAlgorithms.ZStack.swift */; };
		EC907C2E23F81A7100FF48E7 /* LayoutAlgorithms.HStack.swift in Sources */ = {isa = PBXBuildFile; fileRef = ECE0DC292380762000105B93 /* LayoutAlgorithms.HStack.swift */; };
		EC907C2F23F81A7100FF48E7 /* LayoutAlgorithms.VStack.swift in Sources */ = {isa = PBXBuildFile; fileRef = EC907C1823F80AE000FF48E7 /* LayoutAlgorithms.VStack.swift */; };
		EC90E6D52377525600A9B7E0 /* EdgeInsets.swift in Sources */ = {isa = PBXBuildFile; fileRef = EC90E6D42377525600A9B7E0 /* EdgeInsets.swift */; };
		EC90E6DA2378204100A9B7E0 /* ViewBuilder.swift in Sources */ = {isa = PBXBuildFile; fileRef = EC90E6D92378204100A9B7E0 /* ViewBuilder.swift */; };
		EC90E6DC2378208200A9B7E0 /* EmptyView.swift in Sources */ = {isa = PBXBuildFile; fileRef = EC90E6DB2378208200A9B7E0 /* EmptyView.swift */; };
		EC9F94C32370BEA600E418F9 /* View.swift in Sources */ = {isa = PBXBuildFile; fileRef = EC9F94C22370BEA600E418F9 /* View.swift */; };
		EC9F94C52370BEBA00E418F9 /* Text.swift in Sources */ = {isa = PBXBuildFile; fileRef = EC9F94C42370BEBA00E418F9 /* Text.swift */; };
		EC9F94C72370BF3E00E418F9 /* VStack.swift in Sources */ = {isa = PBXBuildFile; fileRef = EC9F94C62370BF3E00E418F9 /* VStack.swift */; };
		EC9F94CA2370BFA700E418F9 /* Alignment.swift in Sources */ = {isa = PBXBuildFile; fileRef = EC9F94C92370BFA700E418F9 /* Alignment.swift */; };
		EC9F94CC2370C12000E418F9 /* HStack.swift in Sources */ = {isa = PBXBuildFile; fileRef = EC9F94CB2370C12000E418F9 /* HStack.swift */; };
		EC9F94CE2370C15400E418F9 /* ZStack.swift in Sources */ = {isa = PBXBuildFile; fileRef = EC9F94CD2370C15400E418F9 /* ZStack.swift */; };
		EC9F94D12370C1DB00E418F9 /* Spacer.swift in Sources */ = {isa = PBXBuildFile; fileRef = EC9F94D02370C1DB00E418F9 /* Spacer.swift */; };
		EC9F94D32370C2BE00E418F9 /* Color.swift in Sources */ = {isa = PBXBuildFile; fileRef = EC9F94D22370C2BE00E418F9 /* Color.swift */; };
		EC9F94D52370C45E00E418F9 /* Button.swift in Sources */ = {isa = PBXBuildFile; fileRef = EC9F94D42370C45E00E418F9 /* Button.swift */; };
		EC9F94D72370C53700E418F9 /* ForEach.swift in Sources */ = {isa = PBXBuildFile; fileRef = EC9F94D62370C53700E418F9 /* ForEach.swift */; };
		ECA23301237C96C50044F12F /* Font.swift in Sources */ = {isa = PBXBuildFile; fileRef = ECA23300237C96C50044F12F /* Font.swift */; };
		ECA5D6FC2389C14F00239A89 /* Context.swift in Sources */ = {isa = PBXBuildFile; fileRef = ECA5D6FB2389C14F00239A89 /* Context.swift */; };
		ECA5D6FE2389C18500239A89 /* Transaction.swift in Sources */ = {isa = PBXBuildFile; fileRef = ECA5D6FD2389C18500239A89 /* Transaction.swift */; };
		ECA5D7042389D55100239A89 /* Image.swift in Sources */ = {isa = PBXBuildFile; fileRef = ECA5D7032389D55100239A89 /* Image.swift */; };
		ECB331462483A48600893516 /* SomeViewModifier.swift in Sources */ = {isa = PBXBuildFile; fileRef = ECB331452483A48600893516 /* SomeViewModifier.swift */; };
		ECB3316224843D5700893516 /* ViewModifiers.AspectRatio.swift in Sources */ = {isa = PBXBuildFile; fileRef = ECB3316124843D5700893516 /* ViewModifiers.AspectRatio.swift */; };
		ECB3316424843D8800893516 /* ContentMode.swift in Sources */ = {isa = PBXBuildFile; fileRef = ECB3316324843D8800893516 /* ContentMode.swift */; };
		ECB3316C2484462300893516 /* ViewModifiers.Sheet.swift in Sources */ = {isa = PBXBuildFile; fileRef = ECB3316B2484462300893516 /* ViewModifiers.Sheet.swift */; };
		ECB5EC6E246FD71A00095509 /* ViewModifiers.EnvironmentValue.swift in Sources */ = {isa = PBXBuildFile; fileRef = ECB5EC6D246FD71A00095509 /* ViewModifiers.EnvironmentValue.swift */; };
		ECC7DFD12378358D007B0AF5 /* ModifierContent.swift in Sources */ = {isa = PBXBuildFile; fileRef = ECC7DFD02378358D007B0AF5 /* ModifierContent.swift */; };
		ECDF0F19239D41F400675977 /* ReactiveKit.framework in Frameworks */ = {isa = PBXBuildFile; fileRef = EC6F1371239BD721002FE2E4 /* ReactiveKit.framework */; };
		ECDF0F1A239D422100675977 /* StackLayoutTests.swift in Sources */ = {isa = PBXBuildFile; fileRef = EC1280C1239D3E4E00350997 /* StackLayoutTests.swift */; };
		ECDF0F1C239D428600675977 /* ReactiveKit.framework in Copy Frameworks */ = {isa = PBXBuildFile; fileRef = EC6F1371239BD721002FE2E4 /* ReactiveKit.framework */; settings = {ATTRIBUTES = (CodeSignOnCopy, RemoveHeadersOnCopy, ); }; };
		ECDF0F1E239D627F00675977 /* CoreGraphics+Extensions.swift in Sources */ = {isa = PBXBuildFile; fileRef = ECDF0F1D239D627F00675977 /* CoreGraphics+Extensions.swift */; };
		ECE406D2238ACB4800F7B020 /* MutableCollection+Extensions.swift in Sources */ = {isa = PBXBuildFile; fileRef = ECE406D1238ACB4800F7B020 /* MutableCollection+Extensions.swift */; };
		ECEBB5BE23814FA1006230B7 /* AnyView.swift in Sources */ = {isa = PBXBuildFile; fileRef = ECEBB5BD23814FA1006230B7 /* AnyView.swift */; };
		ECEBB5C0238154EB006230B7 /* Axis.swift in Sources */ = {isa = PBXBuildFile; fileRef = ECEBB5BF238154EB006230B7 /* Axis.swift */; };
		ECF2EB472409889A00BD5E67 /* Optional.swift in Sources */ = {isa = PBXBuildFile; fileRef = ECF2EB462409889A00BD5E67 /* Optional.swift */; };
		ECF2EB492409893C00BD5E67 /* TupleView.swift in Sources */ = {isa = PBXBuildFile; fileRef = ECF2EB482409893C00BD5E67 /* TupleView.swift */; };
		ECF2EB4B24098A0600BD5E67 /* ConditionalContent.swift in Sources */ = {isa = PBXBuildFile; fileRef = ECF2EB4A24098A0600BD5E67 /* ConditionalContent.swift */; };
		ECF2EB4E24098FD200BD5E67 /* Layouts.ZStack.swift in Sources */ = {isa = PBXBuildFile; fileRef = ECF2EB4D24098FD200BD5E67 /* Layouts.ZStack.swift */; };
		ECF2EB5024098FF600BD5E67 /* Layouts.swift in Sources */ = {isa = PBXBuildFile; fileRef = ECF2EB4F24098FF600BD5E67 /* Layouts.swift */; };
		ECF2EB522409903E00BD5E67 /* Layouts.VStack.swift in Sources */ = {isa = PBXBuildFile; fileRef = ECF2EB512409903E00BD5E67 /* Layouts.VStack.swift */; };
		ECF2EB5424099BBB00BD5E67 /* Layouts.HStack.swift in Sources */ = {isa = PBXBuildFile; fileRef = ECF2EB5324099BBB00BD5E67 /* Layouts.HStack.swift */; };
		ECF2EB5624099E4500BD5E67 /* VariadicView.swift in Sources */ = {isa = PBXBuildFile; fileRef = ECF2EB5524099E4500BD5E67 /* VariadicView.swift */; };
		ECF2EBA6240AB3DA00BD5E67 /* LayoutAlgorithms.swift in Sources */ = {isa = PBXBuildFile; fileRef = ECF2EBA5240AB3DA00BD5E67 /* LayoutAlgorithms.swift */; };
		ECF2EBA8240AB54C00BD5E67 /* Layout.swift in Sources */ = {isa = PBXBuildFile; fileRef = ECF2EBA7240AB54C00BD5E67 /* Layout.swift */; };
		ECF2EBAA240AB96E00BD5E67 /* SomeView.swift in Sources */ = {isa = PBXBuildFile; fileRef = ECF2EBA9240AB96E00BD5E67 /* SomeView.swift */; };
		ECF7E47024953F0D003ACEBC /* ViewModifiers.Animation.swift in Sources */ = {isa = PBXBuildFile; fileRef = ECF7E46F24953F0D003ACEBC /* ViewModifiers.Animation.swift */; };
/* End PBXBuildFile section */

/* Begin PBXContainerItemProxy section */
		EC7A0F5C239D41A6008E7AF4 /* PBXContainerItemProxy */ = {
			isa = PBXContainerItemProxy;
			containerPortal = EC9F94AD2370BE6E00E418F9 /* Project object */;
			proxyType = 1;
			remoteGlobalIDString = EC9F94B52370BE6E00E418F9;
			remoteInfo = Mockingbird;
		};
/* End PBXContainerItemProxy section */

/* Begin PBXCopyFilesBuildPhase section */
		ECDF0F1B239D428100675977 /* Copy Frameworks */ = {
			isa = PBXCopyFilesBuildPhase;
			buildActionMask = 2147483647;
			dstPath = "";
			dstSubfolderSpec = 10;
			files = (
				ECDF0F1C239D428600675977 /* ReactiveKit.framework in Copy Frameworks */,
			);
			name = "Copy Frameworks";
			runOnlyForDeploymentPostprocessing = 0;
		};
/* End PBXCopyFilesBuildPhase section */

/* Begin PBXFileReference section */
		EC10027A23786A4C00AD8BF2 /* EnvironmentValues.swift */ = {isa = PBXFileReference; lastKnownFileType = sourcecode.swift; path = EnvironmentValues.swift; sourceTree = "<group>"; };
		EC10027C23786B1900AD8BF2 /* Shape.swift */ = {isa = PBXFileReference; lastKnownFileType = sourcecode.swift; path = Shape.swift; sourceTree = "<group>"; };
		EC1280C1239D3E4E00350997 /* StackLayoutTests.swift */ = {isa = PBXFileReference; lastKnownFileType = sourcecode.swift; path = StackLayoutTests.swift; sourceTree = "<group>"; };
		EC1CAAC723A6A6DC0073C826 /* Edge.swift */ = {isa = PBXFileReference; lastKnownFileType = sourcecode.swift; path = Edge.swift; sourceTree = "<group>"; };
		EC1CAAC923A6A93D0073C826 /* ViewModifiers.EdgesIgnoringSafeArea.swift */ = {isa = PBXFileReference; lastKnownFileType = sourcecode.swift; path = ViewModifiers.EdgesIgnoringSafeArea.swift; sourceTree = "<group>"; };
		EC2441B4238DD16100135660 /* DynamicProperty.swift */ = {isa = PBXFileReference; lastKnownFileType = sourcecode.swift; path = DynamicProperty.swift; sourceTree = "<group>"; };
		EC2441B6238DD17100135660 /* Binding.swift */ = {isa = PBXFileReference; lastKnownFileType = sourcecode.swift; path = Binding.swift; sourceTree = "<group>"; };
		EC2441B8238DD1B900135660 /* Animation.swift */ = {isa = PBXFileReference; lastKnownFileType = sourcecode.swift; path = Animation.swift; sourceTree = "<group>"; };
		EC2441BA238DD29300135660 /* State.swift */ = {isa = PBXFileReference; lastKnownFileType = sourcecode.swift; path = State.swift; sourceTree = "<group>"; };
		EC2441BC238DD49E00135660 /* EnvironmentObject.swift */ = {isa = PBXFileReference; lastKnownFileType = sourcecode.swift; path = EnvironmentObject.swift; sourceTree = "<group>"; };
		EC2441BE238DD67C00135660 /* ViewModifiers.EnvironmentObject.swift */ = {isa = PBXFileReference; lastKnownFileType = sourcecode.swift; path = ViewModifiers.EnvironmentObject.swift; sourceTree = "<group>"; };
		EC25395A248C134D00540102 /* ScrollView.swift */ = {isa = PBXFileReference; lastKnownFileType = sourcecode.swift; path = ScrollView.swift; sourceTree = "<group>"; };
		EC253965248CF81200540102 /* LayoutPass.swift */ = {isa = PBXFileReference; lastKnownFileType = sourcecode.swift; path = LayoutPass.swift; sourceTree = "<group>"; };
		EC253967248CFB8E00540102 /* GeometryCache.swift */ = {isa = PBXFileReference; lastKnownFileType = sourcecode.swift; path = GeometryCache.swift; sourceTree = "<group>"; };
		EC30A37B2370D5FC00D40848 /* Never.swift */ = {isa = PBXFileReference; lastKnownFileType = sourcecode.swift; path = Never.swift; sourceTree = "<group>"; };
		EC38159023A5291E00F643A5 /* Renderer.swift */ = {isa = PBXFileReference; lastKnownFileType = sourcecode.swift; path = Renderer.swift; sourceTree = "<group>"; };
		EC533AC82378453F007EA560 /* CoordinateSpace.swift */ = {isa = PBXFileReference; lastKnownFileType = sourcecode.swift; path = CoordinateSpace.swift; sourceTree = "<group>"; };
		EC533ACA237845B2007EA560 /* GeometryProxy.swift */ = {isa = PBXFileReference; lastKnownFileType = sourcecode.swift; path = GeometryProxy.swift; sourceTree = "<group>"; };
		EC533ACE2378469F007EA560 /* GeometryReader.swift */ = {isa = PBXFileReference; lastKnownFileType = sourcecode.swift; path = GeometryReader.swift; sourceTree = "<group>"; };
		EC533AD823785517007EA560 /* ViewModifiers.LayoutPriority.swift */ = {isa = PBXFileReference; lastKnownFileType = sourcecode.swift; path = ViewModifiers.LayoutPriority.swift; sourceTree = "<group>"; };
		EC693D1223783F9E00C78CAB /* ViewModifiers.Frame.swift */ = {isa = PBXFileReference; lastKnownFileType = sourcecode.swift; path = ViewModifiers.Frame.swift; sourceTree = "<group>"; };
		EC6F1371239BD721002FE2E4 /* ReactiveKit.framework */ = {isa = PBXFileReference; lastKnownFileType = wrapper.framework; name = ReactiveKit.framework; path = Carthage/Build/iOS/ReactiveKit.framework; sourceTree = "<group>"; };
		EC6F1373239BD770002FE2E4 /* ObservedObject.swift */ = {isa = PBXFileReference; lastKnownFileType = sourcecode.swift; path = ObservedObject.swift; sourceTree = "<group>"; };
		EC7469E0239C3423009A4102 /* Gesture.swift */ = {isa = PBXFileReference; lastKnownFileType = sourcecode.swift; path = Gesture.swift; sourceTree = "<group>"; };
		EC7469E3239C3458009A4102 /* TapGesture.swift */ = {isa = PBXFileReference; lastKnownFileType = sourcecode.swift; path = TapGesture.swift; sourceTree = "<group>"; };
		EC7469E5239C3469009A4102 /* LongPressGesture.swift */ = {isa = PBXFileReference; lastKnownFileType = sourcecode.swift; path = LongPressGesture.swift; sourceTree = "<group>"; };
		EC7469E7239C3541009A4102 /* EndedGesture.swift */ = {isa = PBXFileReference; lastKnownFileType = sourcecode.swift; path = EndedGesture.swift; sourceTree = "<group>"; };
		EC7469E9239C35F1009A4102 /* ViewModifiers.Gesture.swift */ = {isa = PBXFileReference; lastKnownFileType = sourcecode.swift; path = ViewModifiers.Gesture.swift; sourceTree = "<group>"; };
		EC7776182484ED1D00778788 /* CGSize.swift */ = {isa = PBXFileReference; lastKnownFileType = sourcecode.swift; path = CGSize.swift; sourceTree = "<group>"; };
		EC77761A2484ED9200778788 /* CGPoint.swift */ = {isa = PBXFileReference; lastKnownFileType = sourcecode.swift; path = CGPoint.swift; sourceTree = "<group>"; };
		EC77761C2484EE9200778788 /* CGFloat.swift */ = {isa = PBXFileReference; lastKnownFileType = sourcecode.swift; path = CGFloat.swift; sourceTree = "<group>"; };
		EC77761E2484EFAA00778788 /* CGRect.swift */ = {isa = PBXFileReference; lastKnownFileType = sourcecode.swift; path = CGRect.swift; sourceTree = "<group>"; };
		EC7776202484F2D700778788 /* Path.swift */ = {isa = PBXFileReference; lastKnownFileType = sourcecode.swift; path = Path.swift; sourceTree = "<group>"; };
		EC7776232484F92200778788 /* CGAffineTransform.swift */ = {isa = PBXFileReference; lastKnownFileType = sourcecode.swift; path = CGAffineTransform.swift; sourceTree = "<group>"; };
		EC77FD0323E8B44D00EE3D1C /* Slider.swift */ = {isa = PBXFileReference; lastKnownFileType = sourcecode.swift; path = Slider.swift; sourceTree = "<group>"; };
		EC7A0F56239D41A5008E7AF4 /* MockingbirdTests.xctest */ = {isa = PBXFileReference; explicitFileType = wrapper.cfbundle; includeInIndex = 0; path = MockingbirdTests.xctest; sourceTree = BUILT_PRODUCTS_DIR; };
		EC7A0F5A239D41A6008E7AF4 /* Info.plist */ = {isa = PBXFileReference; lastKnownFileType = text.plist.xml; path = Info.plist; sourceTree = "<group>"; };
		EC907C1623F80A8000FF48E7 /* ContentGeometry.swift */ = {isa = PBXFileReference; lastKnownFileType = sourcecode.swift; path = ContentGeometry.swift; sourceTree = "<group>"; };
		EC907C1823F80AE000FF48E7 /* LayoutAlgorithms.VStack.swift */ = {isa = PBXFileReference; lastKnownFileType = sourcecode.swift; path = LayoutAlgorithms.VStack.swift; sourceTree = "<group>"; };
		EC907C1B23F80DCB00FF48E7 /* LayoutAlgorithms.ZStack.swift */ = {isa = PBXFileReference; lastKnownFileType = sourcecode.swift; path = LayoutAlgorithms.ZStack.swift; sourceTree = "<group>"; };
		EC907C1D23F80F6C00FF48E7 /* LayoutAlgorithms.Frame.swift */ = {isa = PBXFileReference; lastKnownFileType = sourcecode.swift; path = LayoutAlgorithms.Frame.swift; sourceTree = "<group>"; };
		EC907C1F23F8127500FF48E7 /* LayoutAlgorithms.FlexFrame.swift */ = {isa = PBXFileReference; lastKnownFileType = sourcecode.swift; path = LayoutAlgorithms.FlexFrame.swift; sourceTree = "<group>"; };
		EC907C2123F8152300FF48E7 /* LayoutAlgorithms.Padding.swift */ = {isa = PBXFileReference; lastKnownFileType = sourcecode.swift; path = LayoutAlgorithms.Padding.swift; sourceTree = "<group>"; };
		EC907C2323F819A400FF48E7 /* ViewModifiers.swift */ = {isa = PBXFileReference; lastKnownFileType = sourcecode.swift; path = ViewModifiers.swift; sourceTree = "<group>"; };
		EC907C2523F819C200FF48E7 /* LayoutAlgorithm.swift */ = {isa = PBXFileReference; lastKnownFileType = sourcecode.swift; path = LayoutAlgorithm.swift; sourceTree = "<group>"; };
		EC90E6D22377504300A9B7E0 /* ViewModifiers.Padding.swift */ = {isa = PBXFileReference; lastKnownFileType = sourcecode.swift; path = ViewModifiers.Padding.swift; sourceTree = "<group>"; };
		EC90E6D42377525600A9B7E0 /* EdgeInsets.swift */ = {isa = PBXFileReference; lastKnownFileType = sourcecode.swift; path = EdgeInsets.swift; sourceTree = "<group>"; };
		EC90E6D92378204100A9B7E0 /* ViewBuilder.swift */ = {isa = PBXFileReference; lastKnownFileType = sourcecode.swift; path = ViewBuilder.swift; sourceTree = "<group>"; };
		EC90E6DB2378208200A9B7E0 /* EmptyView.swift */ = {isa = PBXFileReference; lastKnownFileType = sourcecode.swift; path = EmptyView.swift; sourceTree = "<group>"; };
		EC92E79623786C8E0032AADB /* ViewModifiers.ClipShape.swift */ = {isa = PBXFileReference; lastKnownFileType = sourcecode.swift; path = ViewModifiers.ClipShape.swift; sourceTree = "<group>"; };
		EC9F94B62370BE6E00E418F9 /* Mockingbird.framework */ = {isa = PBXFileReference; explicitFileType = wrapper.framework; includeInIndex = 0; path = Mockingbird.framework; sourceTree = BUILT_PRODUCTS_DIR; };
		EC9F94BA2370BE6E00E418F9 /* Info.plist */ = {isa = PBXFileReference; lastKnownFileType = text.plist.xml; path = Info.plist; sourceTree = "<group>"; };
		EC9F94C22370BEA600E418F9 /* View.swift */ = {isa = PBXFileReference; lastKnownFileType = sourcecode.swift; path = View.swift; sourceTree = "<group>"; };
		EC9F94C42370BEBA00E418F9 /* Text.swift */ = {isa = PBXFileReference; lastKnownFileType = sourcecode.swift; path = Text.swift; sourceTree = "<group>"; };
		EC9F94C62370BF3E00E418F9 /* VStack.swift */ = {isa = PBXFileReference; lastKnownFileType = sourcecode.swift; path = VStack.swift; sourceTree = "<group>"; };
		EC9F94C92370BFA700E418F9 /* Alignment.swift */ = {isa = PBXFileReference; lastKnownFileType = sourcecode.swift; path = Alignment.swift; sourceTree = "<group>"; };
		EC9F94CB2370C12000E418F9 /* HStack.swift */ = {isa = PBXFileReference; lastKnownFileType = sourcecode.swift; path = HStack.swift; sourceTree = "<group>"; };
		EC9F94CD2370C15400E418F9 /* ZStack.swift */ = {isa = PBXFileReference; lastKnownFileType = sourcecode.swift; path = ZStack.swift; sourceTree = "<group>"; };
		EC9F94D02370C1DB00E418F9 /* Spacer.swift */ = {isa = PBXFileReference; lastKnownFileType = sourcecode.swift; path = Spacer.swift; sourceTree = "<group>"; };
		EC9F94D22370C2BE00E418F9 /* Color.swift */ = {isa = PBXFileReference; lastKnownFileType = sourcecode.swift; path = Color.swift; sourceTree = "<group>"; };
		EC9F94D42370C45E00E418F9 /* Button.swift */ = {isa = PBXFileReference; lastKnownFileType = sourcecode.swift; path = Button.swift; sourceTree = "<group>"; };
		EC9F94D62370C53700E418F9 /* ForEach.swift */ = {isa = PBXFileReference; lastKnownFileType = sourcecode.swift; path = ForEach.swift; sourceTree = "<group>"; };
		ECA23300237C96C50044F12F /* Font.swift */ = {isa = PBXFileReference; lastKnownFileType = sourcecode.swift; path = Font.swift; sourceTree = "<group>"; };
		ECA5D6FB2389C14F00239A89 /* Context.swift */ = {isa = PBXFileReference; lastKnownFileType = sourcecode.swift; path = Context.swift; sourceTree = "<group>"; };
		ECA5D6FD2389C18500239A89 /* Transaction.swift */ = {isa = PBXFileReference; lastKnownFileType = sourcecode.swift; path = Transaction.swift; sourceTree = "<group>"; };
		ECA5D7032389D55100239A89 /* Image.swift */ = {isa = PBXFileReference; lastKnownFileType = sourcecode.swift; path = Image.swift; sourceTree = "<group>"; };
		ECB331452483A48600893516 /* SomeViewModifier.swift */ = {isa = PBXFileReference; lastKnownFileType = sourcecode.swift; path = SomeViewModifier.swift; sourceTree = "<group>"; };
		ECB3316124843D5700893516 /* ViewModifiers.AspectRatio.swift */ = {isa = PBXFileReference; lastKnownFileType = sourcecode.swift; path = ViewModifiers.AspectRatio.swift; sourceTree = "<group>"; };
		ECB3316324843D8800893516 /* ContentMode.swift */ = {isa = PBXFileReference; lastKnownFileType = sourcecode.swift; path = ContentMode.swift; sourceTree = "<group>"; };
		ECB3316B2484462300893516 /* ViewModifiers.Sheet.swift */ = {isa = PBXFileReference; lastKnownFileType = sourcecode.swift; path = ViewModifiers.Sheet.swift; sourceTree = "<group>"; };
		ECB5EC6D246FD71A00095509 /* ViewModifiers.EnvironmentValue.swift */ = {isa = PBXFileReference; lastKnownFileType = sourcecode.swift; path = ViewModifiers.EnvironmentValue.swift; sourceTree = "<group>"; };
		ECC7DFCE23783551007B0AF5 /* ViewModifier.swift */ = {isa = PBXFileReference; lastKnownFileType = sourcecode.swift; path = ViewModifier.swift; sourceTree = "<group>"; };
		ECC7DFD02378358D007B0AF5 /* ModifierContent.swift */ = {isa = PBXFileReference; lastKnownFileType = sourcecode.swift; path = ModifierContent.swift; sourceTree = "<group>"; };
		ECDF0F1D239D627F00675977 /* CoreGraphics+Extensions.swift */ = {isa = PBXFileReference; lastKnownFileType = sourcecode.swift; path = "CoreGraphics+Extensions.swift"; sourceTree = "<group>"; };
		ECE0DC272380759800105B93 /* LayoutNode.swift */ = {isa = PBXFileReference; lastKnownFileType = sourcecode.swift; path = LayoutNode.swift; sourceTree = "<group>"; };
		ECE0DC292380762000105B93 /* LayoutAlgorithms.HStack.swift */ = {isa = PBXFileReference; lastKnownFileType = sourcecode.swift; path = LayoutAlgorithms.HStack.swift; sourceTree = "<group>"; };
		ECE406B62389F60000F7B020 /* ViewModifiers.Offset.swift */ = {isa = PBXFileReference; lastKnownFileType = sourcecode.swift; path = ViewModifiers.Offset.swift; sourceTree = "<group>"; };
		ECE406BA2389F94400F7B020 /* ViewModifiers.Overlay.swift */ = {isa = PBXFileReference; lastKnownFileType = sourcecode.swift; path = ViewModifiers.Overlay.swift; sourceTree = "<group>"; };
		ECE406BE2389FC5E00F7B020 /* ViewModifiers.Background.swift */ = {isa = PBXFileReference; lastKnownFileType = sourcecode.swift; path = ViewModifiers.Background.swift; sourceTree = "<group>"; };
		ECE406CA238A86DC00F7B020 /* ViewModifiers.Shadow.swift */ = {isa = PBXFileReference; lastKnownFileType = sourcecode.swift; path = ViewModifiers.Shadow.swift; sourceTree = "<group>"; };
		ECE406D1238ACB4800F7B020 /* MutableCollection+Extensions.swift */ = {isa = PBXFileReference; lastKnownFileType = sourcecode.swift; path = "MutableCollection+Extensions.swift"; sourceTree = "<group>"; };
		ECE461362379FC9600A21198 /* ViewModifiers.FixedSize.swift */ = {isa = PBXFileReference; lastKnownFileType = sourcecode.swift; path = ViewModifiers.FixedSize.swift; sourceTree = "<group>"; };
		ECEBB5BD23814FA1006230B7 /* AnyView.swift */ = {isa = PBXFileReference; lastKnownFileType = sourcecode.swift; path = AnyView.swift; sourceTree = "<group>"; };
		ECEBB5BF238154EB006230B7 /* Axis.swift */ = {isa = PBXFileReference; lastKnownFileType = sourcecode.swift; path = Axis.swift; sourceTree = "<group>"; };
		ECEBB5C12381B17A006230B7 /* ViewModifiers.FlexFrame.swift */ = {isa = PBXFileReference; lastKnownFileType = sourcecode.swift; path = ViewModifiers.FlexFrame.swift; sourceTree = "<group>"; };
		ECF2EB462409889A00BD5E67 /* Optional.swift */ = {isa = PBXFileReference; lastKnownFileType = sourcecode.swift; path = Optional.swift; sourceTree = "<group>"; };
		ECF2EB482409893C00BD5E67 /* TupleView.swift */ = {isa = PBXFileReference; lastKnownFileType = sourcecode.swift; path = TupleView.swift; sourceTree = "<group>"; };
		ECF2EB4A24098A0600BD5E67 /* ConditionalContent.swift */ = {isa = PBXFileReference; lastKnownFileType = sourcecode.swift; path = ConditionalContent.swift; sourceTree = "<group>"; };
		ECF2EB4D24098FD200BD5E67 /* Layouts.ZStack.swift */ = {isa = PBXFileReference; lastKnownFileType = sourcecode.swift; path = Layouts.ZStack.swift; sourceTree = "<group>"; };
		ECF2EB4F24098FF600BD5E67 /* Layouts.swift */ = {isa = PBXFileReference; lastKnownFileType = sourcecode.swift; path = Layouts.swift; sourceTree = "<group>"; };
		ECF2EB512409903E00BD5E67 /* Layouts.VStack.swift */ = {isa = PBXFileReference; lastKnownFileType = sourcecode.swift; path = Layouts.VStack.swift; sourceTree = "<group>"; };
		ECF2EB5324099BBB00BD5E67 /* Layouts.HStack.swift */ = {isa = PBXFileReference; lastKnownFileType = sourcecode.swift; path = Layouts.HStack.swift; sourceTree = "<group>"; };
		ECF2EB5524099E4500BD5E67 /* VariadicView.swift */ = {isa = PBXFileReference; lastKnownFileType = sourcecode.swift; path = VariadicView.swift; sourceTree = "<group>"; };
		ECF2EBA5240AB3DA00BD5E67 /* LayoutAlgorithms.swift */ = {isa = PBXFileReference; lastKnownFileType = sourcecode.swift; path = LayoutAlgorithms.swift; sourceTree = "<group>"; };
		ECF2EBA7240AB54C00BD5E67 /* Layout.swift */ = {isa = PBXFileReference; lastKnownFileType = sourcecode.swift; path = Layout.swift; sourceTree = "<group>"; };
		ECF2EBA9240AB96E00BD5E67 /* SomeView.swift */ = {isa = PBXFileReference; lastKnownFileType = sourcecode.swift; path = SomeView.swift; sourceTree = "<group>"; };
		ECF7E46F24953F0D003ACEBC /* ViewModifiers.Animation.swift */ = {isa = PBXFileReference; lastKnownFileType = sourcecode.swift; path = ViewModifiers.Animation.swift; sourceTree = "<group>"; };
/* End PBXFileReference section */

/* Begin PBXFrameworksBuildPhase section */
		EC7A0F53239D41A5008E7AF4 /* Frameworks */ = {
			isa = PBXFrameworksBuildPhase;
			buildActionMask = 2147483647;
			files = (
				ECDF0F19239D41F400675977 /* ReactiveKit.framework in Frameworks */,
				EC7A0F5B239D41A6008E7AF4 /* Mockingbird.framework in Frameworks */,
			);
			runOnlyForDeploymentPostprocessing = 0;
		};
		EC9F94B32370BE6E00E418F9 /* Frameworks */ = {
			isa = PBXFrameworksBuildPhase;
			buildActionMask = 2147483647;
			files = (
				EC6F1372239BD721002FE2E4 /* ReactiveKit.framework in Frameworks */,
			);
			runOnlyForDeploymentPostprocessing = 0;
		};
/* End PBXFrameworksBuildPhase section */

/* Begin PBXGroup section */
		EC100278237866FD00AD8BF2 /* Frameworks */ = {
			isa = PBXGroup;
			children = (
				EC6F1371239BD721002FE2E4 /* ReactiveKit.framework */,
			);
			name = Frameworks;
			sourceTree = "<group>";
		};
		EC2441B3238DD14500135660 /* Properties */ = {
			isa = PBXGroup;
			children = (
				EC2441B4238DD16100135660 /* DynamicProperty.swift */,
				EC2441BC238DD49E00135660 /* EnvironmentObject.swift */,
				EC6F1373239BD770002FE2E4 /* ObservedObject.swift */,
				EC2441B6238DD17100135660 /* Binding.swift */,
				EC2441BA238DD29300135660 /* State.swift */,
			);
			path = Properties;
			sourceTree = "<group>";
		};
		EC7469E2239C342C009A4102 /* Gestures */ = {
			isa = PBXGroup;
			children = (
				EC7469E0239C3423009A4102 /* Gesture.swift */,
				EC7469E3239C3458009A4102 /* TapGesture.swift */,
				EC7469E5239C3469009A4102 /* LongPressGesture.swift */,
				EC7469E7239C3541009A4102 /* EndedGesture.swift */,
			);
			path = Gestures;
			sourceTree = "<group>";
		};
		EC7A0F57239D41A6008E7AF4 /* Tests */ = {
			isa = PBXGroup;
			children = (
				EC1280C1239D3E4E00350997 /* StackLayoutTests.swift */,
				EC7A0F5A239D41A6008E7AF4 /* Info.plist */,
			);
			path = Tests;
			sourceTree = "<group>";
		};
		EC9F94AC2370BE6E00E418F9 = {
			isa = PBXGroup;
			children = (
				EC9F94C12370BE9000E418F9 /* Sources */,
				EC9F94B82370BE6E00E418F9 /* Mockingbird */,
				EC7A0F57239D41A6008E7AF4 /* Tests */,
				EC9F94B72370BE6E00E418F9 /* Products */,
				EC100278237866FD00AD8BF2 /* Frameworks */,
			);
			sourceTree = "<group>";
		};
		EC9F94B72370BE6E00E418F9 /* Products */ = {
			isa = PBXGroup;
			children = (
				EC9F94B62370BE6E00E418F9 /* Mockingbird.framework */,
				EC7A0F56239D41A5008E7AF4 /* MockingbirdTests.xctest */,
			);
			name = Products;
			sourceTree = "<group>";
		};
		EC9F94B82370BE6E00E418F9 /* Mockingbird */ = {
			isa = PBXGroup;
			children = (
				EC9F94BA2370BE6E00E418F9 /* Info.plist */,
			);
			path = Mockingbird;
			sourceTree = "<group>";
		};
		EC9F94C12370BE9000E418F9 /* Sources */ = {
			isa = PBXGroup;
			children = (
				ECE406D0238ACB3B00F7B020 /* Shared */,
				EC9F94C82370BF9B00E418F9 /* Types */,
				EC2441B3238DD14500135660 /* Properties */,
				EC9F94CF2370C1A900E418F9 /* Views */,
				ECC7DFCD23783540007B0AF5 /* Modifiers */,
				EC7469E2239C342C009A4102 /* Gestures */,
				ECF2EB4C24098F6200BD5E67 /* Layout */,
				ECE0DC262380758800105B93 /* LayoutAlgorithm */,
			);
			path = Sources;
			sourceTree = "<group>";
		};
		EC9F94C82370BF9B00E418F9 /* Types */ = {
			isa = PBXGroup;
			children = (
				ECEBB5BF238154EB006230B7 /* Axis.swift */,
				EC90E6D92378204100A9B7E0 /* ViewBuilder.swift */,
				EC907C1623F80A8000FF48E7 /* ContentGeometry.swift */,
				EC253967248CFB8E00540102 /* GeometryCache.swift */,
				ECB3316324843D8800893516 /* ContentMode.swift */,
				EC533AC82378453F007EA560 /* CoordinateSpace.swift */,
				EC533ACA237845B2007EA560 /* GeometryProxy.swift */,
				EC9F94C92370BFA700E418F9 /* Alignment.swift */,
				EC90E6D42377525600A9B7E0 /* EdgeInsets.swift */,
				EC1CAAC723A6A6DC0073C826 /* Edge.swift */,
				EC77761C2484EE9200778788 /* CGFloat.swift */,
				EC7776182484ED1D00778788 /* CGSize.swift */,
				EC77761A2484ED9200778788 /* CGPoint.swift */,
				EC77761E2484EFAA00778788 /* CGRect.swift */,
				EC7776232484F92200778788 /* CGAffineTransform.swift */,
				EC7776202484F2D700778788 /* Path.swift */,
				ECA23300237C96C50044F12F /* Font.swift */,
				EC10027A23786A4C00AD8BF2 /* EnvironmentValues.swift */,
				ECA5D6FD2389C18500239A89 /* Transaction.swift */,
				EC2441B8238DD1B900135660 /* Animation.swift */,
				EC38159023A5291E00F643A5 /* Renderer.swift */,
				ECA5D6FB2389C14F00239A89 /* Context.swift */,
				EC253965248CF81200540102 /* LayoutPass.swift */,
			);
			path = Types;
			sourceTree = "<group>";
		};
		EC9F94CF2370C1A900E418F9 /* Views */ = {
			isa = PBXGroup;
			children = (
				ECF2EBA9240AB96E00BD5E67 /* SomeView.swift */,
				EC9F94C22370BEA600E418F9 /* View.swift */,
				EC30A37B2370D5FC00D40848 /* Never.swift */,
				ECF2EB462409889A00BD5E67 /* Optional.swift */,
				EC9F94C62370BF3E00E418F9 /* VStack.swift */,
				EC9F94CB2370C12000E418F9 /* HStack.swift */,
				EC9F94CD2370C15400E418F9 /* ZStack.swift */,
				EC9F94D02370C1DB00E418F9 /* Spacer.swift */,
				EC9F94D42370C45E00E418F9 /* Button.swift */,
				EC9F94D22370C2BE00E418F9 /* Color.swift */,
				ECA5D7032389D55100239A89 /* Image.swift */,
				EC9F94C42370BEBA00E418F9 /* Text.swift */,
				EC77FD0323E8B44D00EE3D1C /* Slider.swift */,
				ECEBB5BD23814FA1006230B7 /* AnyView.swift */,
				ECF2EB482409893C00BD5E67 /* TupleView.swift */,
				EC90E6DB2378208200A9B7E0 /* EmptyView.swift */,
				ECC7DFD02378358D007B0AF5 /* ModifierContent.swift */,
				ECF2EB4A24098A0600BD5E67 /* ConditionalContent.swift */,
				ECF2EB5524099E4500BD5E67 /* VariadicView.swift */,
				EC25395A248C134D00540102 /* ScrollView.swift */,
				EC533ACE2378469F007EA560 /* GeometryReader.swift */,
				EC9F94D62370C53700E418F9 /* ForEach.swift */,
				EC10027C23786B1900AD8BF2 /* Shape.swift */,
			);
			path = Views;
			sourceTree = "<group>";
		};
		ECC7DFCD23783540007B0AF5 /* Modifiers */ = {
			isa = PBXGroup;
			children = (
				ECB331452483A48600893516 /* SomeViewModifier.swift */,
				ECC7DFCE23783551007B0AF5 /* ViewModifier.swift */,
				EC907C2323F819A400FF48E7 /* ViewModifiers.swift */,
				EC90E6D22377504300A9B7E0 /* ViewModifiers.Padding.swift */,
				EC693D1223783F9E00C78CAB /* ViewModifiers.Frame.swift */,
				ECEBB5C12381B17A006230B7 /* ViewModifiers.FlexFrame.swift */,
				EC533AD823785517007EA560 /* ViewModifiers.LayoutPriority.swift */,
				EC92E79623786C8E0032AADB /* ViewModifiers.ClipShape.swift */,
				ECE406BA2389F94400F7B020 /* ViewModifiers.Overlay.swift */,
				ECE406BE2389FC5E00F7B020 /* ViewModifiers.Background.swift */,
				ECE461362379FC9600A21198 /* ViewModifiers.FixedSize.swift */,
				ECB3316124843D5700893516 /* ViewModifiers.AspectRatio.swift */,
				ECE406B62389F60000F7B020 /* ViewModifiers.Offset.swift */,
				ECE406CA238A86DC00F7B020 /* ViewModifiers.Shadow.swift */,
				EC2441BE238DD67C00135660 /* ViewModifiers.EnvironmentObject.swift */,
				EC7469E9239C35F1009A4102 /* ViewModifiers.Gesture.swift */,
				EC1CAAC923A6A93D0073C826 /* ViewModifiers.EdgesIgnoringSafeArea.swift */,
				ECB5EC6D246FD71A00095509 /* ViewModifiers.EnvironmentValue.swift */,
				ECB3316B2484462300893516 /* ViewModifiers.Sheet.swift */,
				ECF7E46F24953F0D003ACEBC /* ViewModifiers.Animation.swift */,
			);
			path = Modifiers;
			sourceTree = "<group>";
		};
		ECE0DC262380758800105B93 /* LayoutAlgorithm */ = {
			isa = PBXGroup;
			children = (
				ECE0DC272380759800105B93 /* LayoutNode.swift */,
				EC907C2523F819C200FF48E7 /* LayoutAlgorithm.swift */,
				ECF2EBA5240AB3DA00BD5E67 /* LayoutAlgorithms.swift */,
				EC907C1D23F80F6C00FF48E7 /* LayoutAlgorithms.Frame.swift */,
				EC907C1F23F8127500FF48E7 /* LayoutAlgorithms.FlexFrame.swift */,
				EC907C2123F8152300FF48E7 /* LayoutAlgorithms.Padding.swift */,
				EC907C1B23F80DCB00FF48E7 /* LayoutAlgorithms.ZStack.swift */,
				ECE0DC292380762000105B93 /* LayoutAlgorithms.HStack.swift */,
				EC907C1823F80AE000FF48E7 /* LayoutAlgorithms.VStack.swift */,
			);
			path = LayoutAlgorithm;
			sourceTree = "<group>";
		};
		ECE406D0238ACB3B00F7B020 /* Shared */ = {
			isa = PBXGroup;
			children = (
				ECDF0F1D239D627F00675977 /* CoreGraphics+Extensions.swift */,
				ECE406D1238ACB4800F7B020 /* MutableCollection+Extensions.swift */,
			);
			path = Shared;
			sourceTree = "<group>";
		};
		ECF2EB4C24098F6200BD5E67 /* Layout */ = {
			isa = PBXGroup;
			children = (
				ECF2EB4F24098FF600BD5E67 /* Layouts.swift */,
				ECF2EBA7240AB54C00BD5E67 /* Layout.swift */,
				ECF2EB4D24098FD200BD5E67 /* Layouts.ZStack.swift */,
				ECF2EB512409903E00BD5E67 /* Layouts.VStack.swift */,
				ECF2EB5324099BBB00BD5E67 /* Layouts.HStack.swift */,
			);
			path = Layout;
			sourceTree = "<group>";
		};
/* End PBXGroup section */

/* Begin PBXHeadersBuildPhase section */
		EC9F94B12370BE6E00E418F9 /* Headers */ = {
			isa = PBXHeadersBuildPhase;
			buildActionMask = 2147483647;
			files = (
			);
			runOnlyForDeploymentPostprocessing = 0;
		};
/* End PBXHeadersBuildPhase section */

/* Begin PBXNativeTarget section */
		EC7A0F55239D41A5008E7AF4 /* MockingbirdTests */ = {
			isa = PBXNativeTarget;
			buildConfigurationList = EC7A0F60239D41A6008E7AF4 /* Build configuration list for PBXNativeTarget "MockingbirdTests" */;
			buildPhases = (
				EC7A0F52239D41A5008E7AF4 /* Sources */,
				EC7A0F53239D41A5008E7AF4 /* Frameworks */,
				EC7A0F54239D41A5008E7AF4 /* Resources */,
				ECDF0F1B239D428100675977 /* Copy Frameworks */,
			);
			buildRules = (
			);
			dependencies = (
				EC7A0F5D239D41A6008E7AF4 /* PBXTargetDependency */,
			);
			name = MockingbirdTests;
			productName = MockingbirdTests;
			productReference = EC7A0F56239D41A5008E7AF4 /* MockingbirdTests.xctest */;
			productType = "com.apple.product-type.bundle.unit-test";
		};
		EC9F94B52370BE6E00E418F9 /* Mockingbird */ = {
			isa = PBXNativeTarget;
			buildConfigurationList = EC9F94BE2370BE6E00E418F9 /* Build configuration list for PBXNativeTarget "Mockingbird" */;
			buildPhases = (
				EC9F94B12370BE6E00E418F9 /* Headers */,
				EC9F94B22370BE6E00E418F9 /* Sources */,
				EC9F94B32370BE6E00E418F9 /* Frameworks */,
				EC9F94B42370BE6E00E418F9 /* Resources */,
			);
			buildRules = (
			);
			dependencies = (
			);
			name = Mockingbird;
			productName = Mockingbird;
			productReference = EC9F94B62370BE6E00E418F9 /* Mockingbird.framework */;
			productType = "com.apple.product-type.framework";
		};
/* End PBXNativeTarget section */

/* Begin PBXProject section */
		EC9F94AD2370BE6E00E418F9 /* Project object */ = {
			isa = PBXProject;
			attributes = {
				LastSwiftUpdateCheck = 1030;
				LastUpgradeCheck = 1100;
				ORGANIZATIONNAME = "Declarative Hub";
				TargetAttributes = {
					EC7A0F55239D41A5008E7AF4 = {
						CreatedOnToolsVersion = 10.3;
					};
					EC9F94B52370BE6E00E418F9 = {
						CreatedOnToolsVersion = 11.0;
						LastSwiftMigration = 1100;
					};
				};
			};
			buildConfigurationList = EC9F94B02370BE6E00E418F9 /* Build configuration list for PBXProject "Mockingbird" */;
			compatibilityVersion = "Xcode 9.3";
			developmentRegion = en;
			hasScannedForEncodings = 0;
			knownRegions = (
				en,
				Base,
			);
			mainGroup = EC9F94AC2370BE6E00E418F9;
			productRefGroup = EC9F94B72370BE6E00E418F9 /* Products */;
			projectDirPath = "";
			projectRoot = "";
			targets = (
				EC9F94B52370BE6E00E418F9 /* Mockingbird */,
				EC7A0F55239D41A5008E7AF4 /* MockingbirdTests */,
			);
		};
/* End PBXProject section */

/* Begin PBXResourcesBuildPhase section */
		EC7A0F54239D41A5008E7AF4 /* Resources */ = {
			isa = PBXResourcesBuildPhase;
			buildActionMask = 2147483647;
			files = (
			);
			runOnlyForDeploymentPostprocessing = 0;
		};
		EC9F94B42370BE6E00E418F9 /* Resources */ = {
			isa = PBXResourcesBuildPhase;
			buildActionMask = 2147483647;
			files = (
			);
			runOnlyForDeploymentPostprocessing = 0;
		};
/* End PBXResourcesBuildPhase section */

/* Begin PBXSourcesBuildPhase section */
		EC7A0F52239D41A5008E7AF4 /* Sources */ = {
			isa = PBXSourcesBuildPhase;
			buildActionMask = 2147483647;
			files = (
				ECDF0F1A239D422100675977 /* StackLayoutTests.swift in Sources */,
			);
			runOnlyForDeploymentPostprocessing = 0;
		};
		EC9F94B22370BE6E00E418F9 /* Sources */ = {
			isa = PBXSourcesBuildPhase;
			buildActionMask = 2147483647;
			files = (
				EC5C60032408662800A7C0A5 /* ViewModifiers.Padding.swift in Sources */,
				EC907C2C23F81A7100FF48E7 /* LayoutAlgorithms.Padding.swift in Sources */,
				ECF2EB472409889A00BD5E67 /* Optional.swift in Sources */,
				EC6F1374239BD770002FE2E4 /* ObservedObject.swift in Sources */,
				EC9F94C52370BEBA00E418F9 /* Text.swift in Sources */,
				EC7776192484ED1D00778788 /* CGSize.swift in Sources */,
				ECF2EB5024098FF600BD5E67 /* Layouts.swift in Sources */,
				ECA5D6FC2389C14F00239A89 /* Context.swift in Sources */,
				EC9F94CA2370BFA700E418F9 /* Alignment.swift in Sources */,
				EC2441B9238DD1B900135660 /* Animation.swift in Sources */,
				EC5C600B2408662800A7C0A5 /* ViewModifiers.Offset.swift in Sources */,
				EC2441B7238DD17100135660 /* Binding.swift in Sources */,
				ECF2EB5424099BBB00BD5E67 /* Layouts.HStack.swift in Sources */,
				EC253966248CF81200540102 /* LayoutPass.swift in Sources */,
				EC533AC92378453F007EA560 /* CoordinateSpace.swift in Sources */,
				EC9F94D12370C1DB00E418F9 /* Spacer.swift in Sources */,
				ECF2EB522409903E00BD5E67 /* Layouts.VStack.swift in Sources */,
				EC7776242484F92200778788 /* CGAffineTransform.swift in Sources */,
				EC253969248CFBD300540102 /* GeometryCache.swift in Sources */,
				EC1CAAC823A6A6DC0073C826 /* Edge.swift in Sources */,
				EC9F94CC2370C12000E418F9 /* HStack.swift in Sources */,
				ECF2EBA8240AB54C00BD5E67 /* Layout.swift in Sources */,
				ECB5EC6E246FD71A00095509 /* ViewModifiers.EnvironmentValue.swift in Sources */,
				EC2441BB238DD29300135660 /* State.swift in Sources */,
				EC7469E6239C3469009A4102 /* LongPressGesture.swift in Sources */,
				EC2441BD238DD49E00135660 /* EnvironmentObject.swift in Sources */,
				EC7469E8239C3541009A4102 /* EndedGesture.swift in Sources */,
				EC5C600D2408662800A7C0A5 /* ViewModifiers.EnvironmentObject.swift in Sources */,
				EC5C60092408662800A7C0A5 /* ViewModifiers.Background.swift in Sources */,
				EC7469E1239C3423009A4102 /* Gesture.swift in Sources */,
				EC907C2B23F81A7100FF48E7 /* LayoutAlgorithms.FlexFrame.swift in Sources */,
				ECF7E47024953F0D003ACEBC /* ViewModifiers.Animation.swift in Sources */,
				ECEBB5C0238154EB006230B7 /* Axis.swift in Sources */,
				ECF2EB4E24098FD200BD5E67 /* Layouts.ZStack.swift in Sources */,
				EC5C60022408662800A7C0A5 /* ViewModifiers.swift in Sources */,
				EC77761B2484ED9200778788 /* CGPoint.swift in Sources */,
				EC30A37C2370D5FC00D40848 /* Never.swift in Sources */,
				EC7776222484F85900778788 /* Path.swift in Sources */,
				EC9F94CE2370C15400E418F9 /* ZStack.swift in Sources */,
				EC90E6DC2378208200A9B7E0 /* EmptyView.swift in Sources */,
				EC9F94D32370C2BE00E418F9 /* Color.swift in Sources */,
				EC10027D23786B1900AD8BF2 /* Shape.swift in Sources */,
				EC38159123A5291E00F643A5 /* Renderer.swift in Sources */,
				EC5C60082408662800A7C0A5 /* ViewModifiers.Overlay.swift in Sources */,
				ECB331462483A48600893516 /* SomeViewModifier.swift in Sources */,
				EC907C2A23F81A7100FF48E7 /* LayoutAlgorithms.Frame.swift in Sources */,
				ECE406D2238ACB4800F7B020 /* MutableCollection+Extensions.swift in Sources */,
				EC77FD0423E8B44D00EE3D1C /* Slider.swift in Sources */,
				EC25395B248C134D00540102 /* ScrollView.swift in Sources */,
				EC5C60062408662800A7C0A5 /* ViewModifiers.LayoutPriority.swift in Sources */,
				EC77761D2484EE9200778788 /* CGFloat.swift in Sources */,
				EC907C1723F80A8000FF48E7 /* ContentGeometry.swift in Sources */,
				ECF2EBA6240AB3DA00BD5E67 /* LayoutAlgorithms.swift in Sources */,
				ECEBB5BE23814FA1006230B7 /* AnyView.swift in Sources */,
				EC907C2F23F81A7100FF48E7 /* LayoutAlgorithms.VStack.swift in Sources */,
				EC907C2923F81A7100FF48E7 /* LayoutNode.swift in Sources */,
				ECA23301237C96C50044F12F /* Font.swift in Sources */,
				EC5C60042408662800A7C0A5 /* ViewModifiers.Frame.swift in Sources */,
				EC907C2D23F81A7100FF48E7 /* LayoutAlgorithms.ZStack.swift in Sources */,
				ECA5D6FE2389C18500239A89 /* Transaction.swift in Sources */,
				ECA5D7042389D55100239A89 /* Image.swift in Sources */,
				ECB3316C2484462300893516 /* ViewModifiers.Sheet.swift in Sources */,
				EC5C60012408662800A7C0A5 /* ViewModifier.swift in Sources */,
				EC533ACB237845B2007EA560 /* GeometryProxy.swift in Sources */,
				EC77761F2484EFAA00778788 /* CGRect.swift in Sources */,
				ECC7DFD12378358D007B0AF5 /* ModifierContent.swift in Sources */,
				EC5C60052408662800A7C0A5 /* ViewModifiers.FlexFrame.swift in Sources */,
				EC10027B23786A4C00AD8BF2 /* EnvironmentValues.swift in Sources */,
				EC9F94C32370BEA600E418F9 /* View.swift in Sources */,
				EC533ACF2378469F007EA560 /* GeometryReader.swift in Sources */,
				EC907C2823F81A7100FF48E7 /* LayoutAlgorithm.swift in Sources */,
				EC9F94D52370C45E00E418F9 /* Button.swift in Sources */,
				EC9F94D72370C53700E418F9 /* ForEach.swift in Sources */,
				EC7469E4239C3458009A4102 /* TapGesture.swift in Sources */,
				ECF2EBAA240AB96E00BD5E67 /* SomeView.swift in Sources */,
				ECF2EB492409893C00BD5E67 /* TupleView.swift in Sources */,
				EC5C600A2408662800A7C0A5 /* ViewModifiers.FixedSize.swift in Sources */,
				EC90E6D52377525600A9B7E0 /* EdgeInsets.swift in Sources */,
				ECB3316224843D5700893516 /* ViewModifiers.AspectRatio.swift in Sources */,
				EC90E6DA2378204100A9B7E0 /* ViewBuilder.swift in Sources */,
				ECB3316424843D8800893516 /* ContentMode.swift in Sources */,
				EC5C600C2408662800A7C0A5 /* ViewModifiers.Shadow.swift in Sources */,
				EC2441B5238DD16100135660 /* DynamicProperty.swift in Sources */,
				EC5C60072408662800A7C0A5 /* ViewModifiers.ClipShape.swift in Sources */,
				EC5C600E2408662800A7C0A5 /* ViewModifiers.Gesture.swift in Sources */,
				EC5C600F2408662800A7C0A5 /* ViewModifiers.EdgesIgnoringSafeArea.swift in Sources */,
				ECF2EB5624099E4500BD5E67 /* VariadicView.swift in Sources */,
				EC907C2E23F81A7100FF48E7 /* LayoutAlgorithms.HStack.swift in Sources */,
				ECF2EB4B24098A0600BD5E67 /* ConditionalContent.swift in Sources */,
				EC9F94C72370BF3E00E418F9 /* VStack.swift in Sources */,
				ECDF0F1E239D627F00675977 /* CoreGraphics+Extensions.swift in Sources */,
			);
			runOnlyForDeploymentPostprocessing = 0;
		};
/* End PBXSourcesBuildPhase section */

/* Begin PBXTargetDependency section */
		EC7A0F5D239D41A6008E7AF4 /* PBXTargetDependency */ = {
			isa = PBXTargetDependency;
			target = EC9F94B52370BE6E00E418F9 /* Mockingbird */;
			targetProxy = EC7A0F5C239D41A6008E7AF4 /* PBXContainerItemProxy */;
		};
/* End PBXTargetDependency section */

/* Begin XCBuildConfiguration section */
		EC7A0F5E239D41A6008E7AF4 /* Debug */ = {
			isa = XCBuildConfiguration;
			buildSettings = {
				CODE_SIGN_IDENTITY = "iPhone Developer";
				CODE_SIGN_STYLE = Automatic;
				FRAMEWORK_SEARCH_PATHS = (
					"$(inherited)",
					"$(PROJECT_DIR)/Carthage/Build/iOS",
				);
				INFOPLIST_FILE = Tests/Info.plist;
				IPHONEOS_DEPLOYMENT_TARGET = 12.4;
				LD_RUNPATH_SEARCH_PATHS = (
					"$(inherited)",
					"@executable_path/Frameworks",
					"@loader_path/Frameworks",
				);
				PRODUCT_BUNDLE_IDENTIFIER = DeclarativeHub.MockingbirdTests;
				PRODUCT_NAME = "$(TARGET_NAME)";
				SWIFT_VERSION = 5.0;
				TARGETED_DEVICE_FAMILY = "1,2";
			};
			name = Debug;
		};
		EC7A0F5F239D41A6008E7AF4 /* Release */ = {
			isa = XCBuildConfiguration;
			buildSettings = {
				CODE_SIGN_IDENTITY = "iPhone Developer";
				CODE_SIGN_STYLE = Automatic;
				FRAMEWORK_SEARCH_PATHS = (
					"$(inherited)",
					"$(PROJECT_DIR)/Carthage/Build/iOS",
				);
				INFOPLIST_FILE = Tests/Info.plist;
				IPHONEOS_DEPLOYMENT_TARGET = 12.4;
				LD_RUNPATH_SEARCH_PATHS = (
					"$(inherited)",
					"@executable_path/Frameworks",
					"@loader_path/Frameworks",
				);
				PRODUCT_BUNDLE_IDENTIFIER = DeclarativeHub.MockingbirdTests;
				PRODUCT_NAME = "$(TARGET_NAME)";
				SWIFT_VERSION = 5.0;
				TARGETED_DEVICE_FAMILY = "1,2";
			};
			name = Release;
		};
		EC9F94BC2370BE6E00E418F9 /* Debug */ = {
			isa = XCBuildConfiguration;
			buildSettings = {
				ALWAYS_SEARCH_USER_PATHS = NO;
				CLANG_ANALYZER_NONNULL = YES;
				CLANG_ANALYZER_NUMBER_OBJECT_CONVERSION = YES_AGGRESSIVE;
				CLANG_CXX_LANGUAGE_STANDARD = "gnu++14";
				CLANG_CXX_LIBRARY = "libc++";
				CLANG_ENABLE_MODULES = YES;
				CLANG_ENABLE_OBJC_ARC = YES;
				CLANG_ENABLE_OBJC_WEAK = YES;
				CLANG_WARN_BLOCK_CAPTURE_AUTORELEASING = YES;
				CLANG_WARN_BOOL_CONVERSION = YES;
				CLANG_WARN_COMMA = YES;
				CLANG_WARN_CONSTANT_CONVERSION = YES;
				CLANG_WARN_DEPRECATED_OBJC_IMPLEMENTATIONS = YES;
				CLANG_WARN_DIRECT_OBJC_ISA_USAGE = YES_ERROR;
				CLANG_WARN_DOCUMENTATION_COMMENTS = YES;
				CLANG_WARN_EMPTY_BODY = YES;
				CLANG_WARN_ENUM_CONVERSION = YES;
				CLANG_WARN_INFINITE_RECURSION = YES;
				CLANG_WARN_INT_CONVERSION = YES;
				CLANG_WARN_NON_LITERAL_NULL_CONVERSION = YES;
				CLANG_WARN_OBJC_IMPLICIT_RETAIN_SELF = YES;
				CLANG_WARN_OBJC_LITERAL_CONVERSION = YES;
				CLANG_WARN_OBJC_ROOT_CLASS = YES_ERROR;
				CLANG_WARN_RANGE_LOOP_ANALYSIS = YES;
				CLANG_WARN_STRICT_PROTOTYPES = YES;
				CLANG_WARN_SUSPICIOUS_MOVE = YES;
				CLANG_WARN_UNGUARDED_AVAILABILITY = YES_AGGRESSIVE;
				CLANG_WARN_UNREACHABLE_CODE = YES;
				CLANG_WARN__DUPLICATE_METHOD_MATCH = YES;
				COPY_PHASE_STRIP = NO;
				CURRENT_PROJECT_VERSION = 1;
				DEBUG_INFORMATION_FORMAT = dwarf;
				ENABLE_STRICT_OBJC_MSGSEND = YES;
				ENABLE_TESTABILITY = YES;
				GCC_C_LANGUAGE_STANDARD = gnu11;
				GCC_DYNAMIC_NO_PIC = NO;
				GCC_NO_COMMON_BLOCKS = YES;
				GCC_OPTIMIZATION_LEVEL = 0;
				GCC_PREPROCESSOR_DEFINITIONS = (
					"DEBUG=1",
					"$(inherited)",
				);
				GCC_WARN_64_TO_32_BIT_CONVERSION = YES;
				GCC_WARN_ABOUT_RETURN_TYPE = YES_ERROR;
				GCC_WARN_UNDECLARED_SELECTOR = YES;
				GCC_WARN_UNINITIALIZED_AUTOS = YES_AGGRESSIVE;
				GCC_WARN_UNUSED_FUNCTION = YES;
				GCC_WARN_UNUSED_VARIABLE = YES;
				IPHONEOS_DEPLOYMENT_TARGET = 9.0;
				MTL_ENABLE_DEBUG_INFO = INCLUDE_SOURCE;
				MTL_FAST_MATH = YES;
				ONLY_ACTIVE_ARCH = YES;
				SDKROOT = iphoneos;
				SWIFT_ACTIVE_COMPILATION_CONDITIONS = DEBUG;
				SWIFT_OPTIMIZATION_LEVEL = "-Onone";
				VERSIONING_SYSTEM = "apple-generic";
				VERSION_INFO_PREFIX = "";
			};
			name = Debug;
		};
		EC9F94BD2370BE6E00E418F9 /* Release */ = {
			isa = XCBuildConfiguration;
			buildSettings = {
				ALWAYS_SEARCH_USER_PATHS = NO;
				CLANG_ANALYZER_NONNULL = YES;
				CLANG_ANALYZER_NUMBER_OBJECT_CONVERSION = YES_AGGRESSIVE;
				CLANG_CXX_LANGUAGE_STANDARD = "gnu++14";
				CLANG_CXX_LIBRARY = "libc++";
				CLANG_ENABLE_MODULES = YES;
				CLANG_ENABLE_OBJC_ARC = YES;
				CLANG_ENABLE_OBJC_WEAK = YES;
				CLANG_WARN_BLOCK_CAPTURE_AUTORELEASING = YES;
				CLANG_WARN_BOOL_CONVERSION = YES;
				CLANG_WARN_COMMA = YES;
				CLANG_WARN_CONSTANT_CONVERSION = YES;
				CLANG_WARN_DEPRECATED_OBJC_IMPLEMENTATIONS = YES;
				CLANG_WARN_DIRECT_OBJC_ISA_USAGE = YES_ERROR;
				CLANG_WARN_DOCUMENTATION_COMMENTS = YES;
				CLANG_WARN_EMPTY_BODY = YES;
				CLANG_WARN_ENUM_CONVERSION = YES;
				CLANG_WARN_INFINITE_RECURSION = YES;
				CLANG_WARN_INT_CONVERSION = YES;
				CLANG_WARN_NON_LITERAL_NULL_CONVERSION = YES;
				CLANG_WARN_OBJC_IMPLICIT_RETAIN_SELF = YES;
				CLANG_WARN_OBJC_LITERAL_CONVERSION = YES;
				CLANG_WARN_OBJC_ROOT_CLASS = YES_ERROR;
				CLANG_WARN_RANGE_LOOP_ANALYSIS = YES;
				CLANG_WARN_STRICT_PROTOTYPES = YES;
				CLANG_WARN_SUSPICIOUS_MOVE = YES;
				CLANG_WARN_UNGUARDED_AVAILABILITY = YES_AGGRESSIVE;
				CLANG_WARN_UNREACHABLE_CODE = YES;
				CLANG_WARN__DUPLICATE_METHOD_MATCH = YES;
				COPY_PHASE_STRIP = NO;
				CURRENT_PROJECT_VERSION = 1;
				DEBUG_INFORMATION_FORMAT = "dwarf-with-dsym";
				ENABLE_NS_ASSERTIONS = NO;
				ENABLE_STRICT_OBJC_MSGSEND = YES;
				GCC_C_LANGUAGE_STANDARD = gnu11;
				GCC_NO_COMMON_BLOCKS = YES;
				GCC_WARN_64_TO_32_BIT_CONVERSION = YES;
				GCC_WARN_ABOUT_RETURN_TYPE = YES_ERROR;
				GCC_WARN_UNDECLARED_SELECTOR = YES;
				GCC_WARN_UNINITIALIZED_AUTOS = YES_AGGRESSIVE;
				GCC_WARN_UNUSED_FUNCTION = YES;
				GCC_WARN_UNUSED_VARIABLE = YES;
				IPHONEOS_DEPLOYMENT_TARGET = 9.0;
				MTL_ENABLE_DEBUG_INFO = NO;
				MTL_FAST_MATH = YES;
				SDKROOT = iphoneos;
				SWIFT_COMPILATION_MODE = wholemodule;
				SWIFT_OPTIMIZATION_LEVEL = "-O";
				VALIDATE_PRODUCT = YES;
				VERSIONING_SYSTEM = "apple-generic";
				VERSION_INFO_PREFIX = "";
			};
			name = Release;
		};
		EC9F94BF2370BE6E00E418F9 /* Debug */ = {
			isa = XCBuildConfiguration;
			buildSettings = {
				CLANG_ENABLE_MODULES = YES;
				CODE_SIGN_STYLE = Automatic;
				DEFINES_MODULE = YES;
				DYLIB_COMPATIBILITY_VERSION = 1;
				DYLIB_CURRENT_VERSION = 1;
				DYLIB_INSTALL_NAME_BASE = "@rpath";
				FRAMEWORK_SEARCH_PATHS = (
					"$(inherited)",
					"$(PROJECT_DIR)/Carthage/Build/iOS",
				);
				INFOPLIST_FILE = Mockingbird/Info.plist;
				INSTALL_PATH = "$(LOCAL_LIBRARY_DIR)/Frameworks";
				LD_RUNPATH_SEARCH_PATHS = (
					"$(inherited)",
					"@executable_path/Frameworks",
					"@loader_path/Frameworks",
				);
				MARKETING_VERSION = 1.0.0;
				PRODUCT_BUNDLE_IDENTIFIER = "declarative-hub.Mockingbird";
				PRODUCT_NAME = "$(TARGET_NAME:c99extidentifier)";
				SKIP_INSTALL = YES;
				SWIFT_OPTIMIZATION_LEVEL = "-Onone";
				SWIFT_VERSION = 5.0;
				TARGETED_DEVICE_FAMILY = "1,2";
			};
			name = Debug;
		};
		EC9F94C02370BE6E00E418F9 /* Release */ = {
			isa = XCBuildConfiguration;
			buildSettings = {
				CLANG_ENABLE_MODULES = YES;
				CODE_SIGN_STYLE = Automatic;
				DEFINES_MODULE = YES;
				DYLIB_COMPATIBILITY_VERSION = 1;
				DYLIB_CURRENT_VERSION = 1;
				DYLIB_INSTALL_NAME_BASE = "@rpath";
				FRAMEWORK_SEARCH_PATHS = (
					"$(inherited)",
					"$(PROJECT_DIR)/Carthage/Build/iOS",
				);
				INFOPLIST_FILE = Mockingbird/Info.plist;
				INSTALL_PATH = "$(LOCAL_LIBRARY_DIR)/Frameworks";
				LD_RUNPATH_SEARCH_PATHS = (
					"$(inherited)",
					"@executable_path/Frameworks",
					"@loader_path/Frameworks",
				);
				MARKETING_VERSION = 1.0.0;
				PRODUCT_BUNDLE_IDENTIFIER = "declarative-hub.Mockingbird";
				PRODUCT_NAME = "$(TARGET_NAME:c99extidentifier)";
				SKIP_INSTALL = YES;
				SWIFT_VERSION = 5.0;
				TARGETED_DEVICE_FAMILY = "1,2";
			};
			name = Release;
		};
/* End XCBuildConfiguration section */

/* Begin XCConfigurationList section */
		EC7A0F60239D41A6008E7AF4 /* Build configuration list for PBXNativeTarget "MockingbirdTests" */ = {
			isa = XCConfigurationList;
			buildConfigurations = (
				EC7A0F5E239D41A6008E7AF4 /* Debug */,
				EC7A0F5F239D41A6008E7AF4 /* Release */,
			);
			defaultConfigurationIsVisible = 0;
			defaultConfigurationName = Release;
		};
		EC9F94B02370BE6E00E418F9 /* Build configuration list for PBXProject "Mockingbird" */ = {
			isa = XCConfigurationList;
			buildConfigurations = (
				EC9F94BC2370BE6E00E418F9 /* Debug */,
				EC9F94BD2370BE6E00E418F9 /* Release */,
			);
			defaultConfigurationIsVisible = 0;
			defaultConfigurationName = Release;
		};
		EC9F94BE2370BE6E00E418F9 /* Build configuration list for PBXNativeTarget "Mockingbird" */ = {
			isa = XCConfigurationList;
			buildConfigurations = (
				EC9F94BF2370BE6E00E418F9 /* Debug */,
				EC9F94C02370BE6E00E418F9 /* Release */,
			);
			defaultConfigurationIsVisible = 0;
			defaultConfigurationName = Release;
		};
/* End XCConfigurationList section */
	};
	rootObject = EC9F94AD2370BE6E00E418F9 /* Project object */;
}
